// !$*UTF8*$!
{
	archiveVersion = 1;
	classes = {
	};
	objectVersion = 51;
	objects = {

/* Begin PBXBuildFile section */
		01C0A02195E3D6934072AD14 /* Pods_vtb.framework in Frameworks */ = {isa = PBXBuildFile; fileRef = C5C7620C2DA08CC924F29884 /* Pods_vtb.framework */; };
		7C410652264022F700CC238B /* GoogleService-Info.plist in Resources */ = {isa = PBXBuildFile; fileRef = 7C410651264022F700CC238B /* GoogleService-Info.plist */; };
		7C4835712650085B00A3B409 /* InsuredEventsController.swift in Sources */ = {isa = PBXBuildFile; fileRef = 7C4835702650085B00A3B409 /* InsuredEventsController.swift */; };
		7C74ABB7264BED8400666469 /* CreditIndexController.swift in Sources */ = {isa = PBXBuildFile; fileRef = 7C74ABB6264BED8400666469 /* CreditIndexController.swift */; };
		7C74ABBA264BFBF300666469 /* HistoryCell.swift in Sources */ = {isa = PBXBuildFile; fileRef = 7C74ABB9264BFBF300666469 /* HistoryCell.swift */; };
		7C91063D2632FA48002AD52B /* ProfileController.swift in Sources */ = {isa = PBXBuildFile; fileRef = 7C91063C2632FA48002AD52B /* ProfileController.swift */; };
		7CC6FC60262E088F00B145AF /* AppDelegate.swift in Sources */ = {isa = PBXBuildFile; fileRef = 7CC6FC5F262E088F00B145AF /* AppDelegate.swift */; };
		7CC6FC69262E089100B145AF /* Assets.xcassets in Resources */ = {isa = PBXBuildFile; fileRef = 7CC6FC68262E089100B145AF /* Assets.xcassets */; };
		7CC6FC6C262E089100B145AF /* LaunchScreen.storyboard in Resources */ = {isa = PBXBuildFile; fileRef = 7CC6FC6A262E089100B145AF /* LaunchScreen.storyboard */; };
		7CC6FC8D262E09E900B145AF /* LoginControllerViewController.swift in Sources */ = {isa = PBXBuildFile; fileRef = 7CC6FC8C262E09E900B145AF /* LoginControllerViewController.swift */; };
		7CEFC64D2630994C009EDBD7 /* Request.swift in Sources */ = {isa = PBXBuildFile; fileRef = 7CEFC64C2630994C009EDBD7 /* Request.swift */; };
		7CEFC66B26309DE9009EDBD7 /* HistoryController.swift in Sources */ = {isa = PBXBuildFile; fileRef = 7CEFC66A26309DE9009EDBD7 /* HistoryController.swift */; };
		7CF26BD4264EA63D00FAF7D8 /* CreditCell.swift in Sources */ = {isa = PBXBuildFile; fileRef = 7CF26BD3264EA63D00FAF7D8 /* CreditCell.swift */; };
		7CF26BD6264EA65A00FAF7D8 /* ProfileLogoutCell.swift in Sources */ = {isa = PBXBuildFile; fileRef = 7CF26BD5264EA65A00FAF7D8 /* ProfileLogoutCell.swift */; };
		7CF26BD8264EA66E00FAF7D8 /* ProfileCell.swift in Sources */ = {isa = PBXBuildFile; fileRef = 7CF26BD7264EA66E00FAF7D8 /* ProfileCell.swift */; };
		7CF26BDA264EA6BB00FAF7D8 /* GaugeCell.swift in Sources */ = {isa = PBXBuildFile; fileRef = 7CF26BD9264EA6BB00FAF7D8 /* GaugeCell.swift */; };
		7CF26BDD264EB75B00FAF7D8 /* TabBarController.swift in Sources */ = {isa = PBXBuildFile; fileRef = 7CF26BDC264EB75B00FAF7D8 /* TabBarController.swift */; };
		7CF26BE0264EBB5100FAF7D8 /* RequestController.swift in Sources */ = {isa = PBXBuildFile; fileRef = 7CF26BDF264EBB5100FAF7D8 /* RequestController.swift */; };
		7CF26BE3264EBC2300FAF7D8 /* RequestCell.swift in Sources */ = {isa = PBXBuildFile; fileRef = 7CF26BE2264EBC2300FAF7D8 /* RequestCell.swift */; };
		7CF26BE7264EC38200FAF7D8 /* UIView.swift in Sources */ = {isa = PBXBuildFile; fileRef = 7CF26BE6264EC38200FAF7D8 /* UIView.swift */; };
/* End PBXBuildFile section */

/* Begin PBXFileReference section */
		169D966B232DB8A56447A4A6 /* Pods-vtb.debug.xcconfig */ = {isa = PBXFileReference; includeInIndex = 1; lastKnownFileType = text.xcconfig; name = "Pods-vtb.debug.xcconfig"; path = "Target Support Files/Pods-vtb/Pods-vtb.debug.xcconfig"; sourceTree = "<group>"; };
		7C410651264022F700CC238B /* GoogleService-Info.plist */ = {isa = PBXFileReference; fileEncoding = 4; lastKnownFileType = text.plist.xml; path = "GoogleService-Info.plist"; sourceTree = "<group>"; };
		7C4835702650085B00A3B409 /* InsuredEventsController.swift */ = {isa = PBXFileReference; lastKnownFileType = sourcecode.swift; path = InsuredEventsController.swift; sourceTree = "<group>"; };
		7C4835722650289400A3B409 /* vtb.entitlements */ = {isa = PBXFileReference; lastKnownFileType = text.plist.entitlements; path = vtb.entitlements; sourceTree = "<group>"; };
		7C74ABB6264BED8400666469 /* CreditIndexController.swift */ = {isa = PBXFileReference; lastKnownFileType = sourcecode.swift; path = CreditIndexController.swift; sourceTree = "<group>"; };
		7C74ABB9264BFBF300666469 /* HistoryCell.swift */ = {isa = PBXFileReference; lastKnownFileType = sourcecode.swift; path = HistoryCell.swift; sourceTree = "<group>"; };
		7C91063C2632FA48002AD52B /* ProfileController.swift */ = {isa = PBXFileReference; lastKnownFileType = sourcecode.swift; path = ProfileController.swift; sourceTree = "<group>"; };
		7CC6FC5C262E088F00B145AF /* vtb.app */ = {isa = PBXFileReference; explicitFileType = wrapper.application; includeInIndex = 0; path = vtb.app; sourceTree = BUILT_PRODUCTS_DIR; };
		7CC6FC5F262E088F00B145AF /* AppDelegate.swift */ = {isa = PBXFileReference; lastKnownFileType = sourcecode.swift; path = AppDelegate.swift; sourceTree = "<group>"; };
		7CC6FC68262E089100B145AF /* Assets.xcassets */ = {isa = PBXFileReference; lastKnownFileType = folder.assetcatalog; path = Assets.xcassets; sourceTree = "<group>"; };
		7CC6FC6B262E089100B145AF /* Base */ = {isa = PBXFileReference; lastKnownFileType = file.storyboard; name = Base; path = Base.lproj/LaunchScreen.storyboard; sourceTree = "<group>"; };
		7CC6FC6D262E089100B145AF /* Info.plist */ = {isa = PBXFileReference; lastKnownFileType = text.plist.xml; path = Info.plist; sourceTree = "<group>"; };
		7CC6FC8C262E09E900B145AF /* LoginControllerViewController.swift */ = {isa = PBXFileReference; lastKnownFileType = sourcecode.swift; path = LoginControllerViewController.swift; sourceTree = "<group>"; };
		7CEFC64C2630994C009EDBD7 /* Request.swift */ = {isa = PBXFileReference; lastKnownFileType = sourcecode.swift; path = Request.swift; sourceTree = "<group>"; };
		7CEFC66A26309DE9009EDBD7 /* HistoryController.swift */ = {isa = PBXFileReference; lastKnownFileType = sourcecode.swift; path = HistoryController.swift; sourceTree = "<group>"; };
		7CF26BD3264EA63D00FAF7D8 /* CreditCell.swift */ = {isa = PBXFileReference; lastKnownFileType = sourcecode.swift; path = CreditCell.swift; sourceTree = "<group>"; };
		7CF26BD5264EA65A00FAF7D8 /* ProfileLogoutCell.swift */ = {isa = PBXFileReference; lastKnownFileType = sourcecode.swift; path = ProfileLogoutCell.swift; sourceTree = "<group>"; };
		7CF26BD7264EA66E00FAF7D8 /* ProfileCell.swift */ = {isa = PBXFileReference; lastKnownFileType = sourcecode.swift; path = ProfileCell.swift; sourceTree = "<group>"; };
		7CF26BD9264EA6BB00FAF7D8 /* GaugeCell.swift */ = {isa = PBXFileReference; lastKnownFileType = sourcecode.swift; path = GaugeCell.swift; sourceTree = "<group>"; };
		7CF26BDC264EB75B00FAF7D8 /* TabBarController.swift */ = {isa = PBXFileReference; lastKnownFileType = sourcecode.swift; path = TabBarController.swift; sourceTree = "<group>"; };
		7CF26BDF264EBB5100FAF7D8 /* RequestController.swift */ = {isa = PBXFileReference; lastKnownFileType = sourcecode.swift; path = RequestController.swift; sourceTree = "<group>"; };
		7CF26BE2264EBC2300FAF7D8 /* RequestCell.swift */ = {isa = PBXFileReference; lastKnownFileType = sourcecode.swift; path = RequestCell.swift; sourceTree = "<group>"; };
		7CF26BE6264EC38200FAF7D8 /* UIView.swift */ = {isa = PBXFileReference; lastKnownFileType = sourcecode.swift; path = UIView.swift; sourceTree = "<group>"; };
		C5C7620C2DA08CC924F29884 /* Pods_vtb.framework */ = {isa = PBXFileReference; explicitFileType = wrapper.framework; includeInIndex = 0; path = Pods_vtb.framework; sourceTree = BUILT_PRODUCTS_DIR; };
		D9EC3F8B0A6D77F20CA6D05E /* Pods-vtb.release.xcconfig */ = {isa = PBXFileReference; includeInIndex = 1; lastKnownFileType = text.xcconfig; name = "Pods-vtb.release.xcconfig"; path = "Target Support Files/Pods-vtb/Pods-vtb.release.xcconfig"; sourceTree = "<group>"; };
/* End PBXFileReference section */

/* Begin PBXFrameworksBuildPhase section */
		7CC6FC59262E088F00B145AF /* Frameworks */ = {
			isa = PBXFrameworksBuildPhase;
			buildActionMask = 2147483647;
			files = (
				01C0A02195E3D6934072AD14 /* Pods_vtb.framework in Frameworks */,
			);
			runOnlyForDeploymentPostprocessing = 0;
		};
/* End PBXFrameworksBuildPhase section */

/* Begin PBXGroup section */
		0D3FF8E5810A2E8F0C6B62DD /* Pods */ = {
			isa = PBXGroup;
			children = (
				169D966B232DB8A56447A4A6 /* Pods-vtb.debug.xcconfig */,
				D9EC3F8B0A6D77F20CA6D05E /* Pods-vtb.release.xcconfig */,
			);
			path = Pods;
			sourceTree = "<group>";
		};
		75390B6478947F084D273411 /* Frameworks */ = {
			isa = PBXGroup;
			children = (
				C5C7620C2DA08CC924F29884 /* Pods_vtb.framework */,
			);
			name = Frameworks;
			sourceTree = "<group>";
		};
		7C48356F2650083800A3B409 /* InsuredEvents */ = {
			isa = PBXGroup;
			children = (
				7C4835702650085B00A3B409 /* InsuredEventsController.swift */,
			);
			path = InsuredEvents;
			sourceTree = "<group>";
		};
		7C74ABB5264BED6400666469 /* CreditIndex */ = {
			isa = PBXGroup;
			children = (
				7C74ABB6264BED8400666469 /* CreditIndexController.swift */,
			);
			path = CreditIndex;
			sourceTree = "<group>";
		};
		7C74ABB8264BFBE100666469 /* Views */ = {
			isa = PBXGroup;
			children = (
				7C74ABB9264BFBF300666469 /* HistoryCell.swift */,
			);
			path = Views;
			sourceTree = "<group>";
		};
		7C91063F2632FA4D002AD52B /* Profile */ = {
			isa = PBXGroup;
			children = (
				7CF26BD2264EA62F00FAF7D8 /* Views */,
				7C91063C2632FA48002AD52B /* ProfileController.swift */,
			);
			path = Profile;
			sourceTree = "<group>";
		};
		7CC6FC53262E088F00B145AF = {
			isa = PBXGroup;
			children = (
				7CC6FC5E262E088F00B145AF /* vtb */,
				7CC6FC5D262E088F00B145AF /* Products */,
				0D3FF8E5810A2E8F0C6B62DD /* Pods */,
				75390B6478947F084D273411 /* Frameworks */,
			);
			sourceTree = "<group>";
		};
		7CC6FC5D262E088F00B145AF /* Products */ = {
			isa = PBXGroup;
			children = (
				7CC6FC5C262E088F00B145AF /* vtb.app */,
			);
			name = Products;
			sourceTree = "<group>";
		};
		7CC6FC5E262E088F00B145AF /* vtb */ = {
			isa = PBXGroup;
			children = (
				7C4835722650289400A3B409 /* vtb.entitlements */,
				7CF26BE4264EC36A00FAF7D8 /* Extensions */,
				7CC6FC8A262E09BA00B145AF /* Controllers */,
				7CEFC6462630991C009EDBD7 /* Network */,
				7CC6FC5F262E088F00B145AF /* AppDelegate.swift */,
				7CC6FC68262E089100B145AF /* Assets.xcassets */,
				7CC6FC6A262E089100B145AF /* LaunchScreen.storyboard */,
				7C410651264022F700CC238B /* GoogleService-Info.plist */,
				7CC6FC6D262E089100B145AF /* Info.plist */,
			);
			path = vtb;
			sourceTree = "<group>";
		};
		7CC6FC8A262E09BA00B145AF /* Controllers */ = {
			isa = PBXGroup;
			children = (
				7C48356F2650083800A3B409 /* InsuredEvents */,
				7CF26BDB264EB74F00FAF7D8 /* TabBarController */,
				7CF26BDE264EBB3B00FAF7D8 /* Requests */,
				7C74ABB5264BED6400666469 /* CreditIndex */,
				7C91063F2632FA4D002AD52B /* Profile */,
				7CEFC66926309DC6009EDBD7 /* History */,
				7CC6FC8B262E09C700B145AF /* Login */,
			);
			path = Controllers;
			sourceTree = "<group>";
		};
		7CC6FC8B262E09C700B145AF /* Login */ = {
			isa = PBXGroup;
			children = (
				7CC6FC8C262E09E900B145AF /* LoginControllerViewController.swift */,
			);
			path = Login;
			sourceTree = "<group>";
		};
		7CEFC6462630991C009EDBD7 /* Network */ = {
			isa = PBXGroup;
			children = (
				7CEFC64C2630994C009EDBD7 /* Request.swift */,
			);
			path = Network;
			sourceTree = "<group>";
		};
		7CEFC66926309DC6009EDBD7 /* History */ = {
			isa = PBXGroup;
			children = (
				7C74ABB8264BFBE100666469 /* Views */,
				7CEFC66A26309DE9009EDBD7 /* HistoryController.swift */,
			);
			path = History;
			sourceTree = "<group>";
		};
		7CF26BD2264EA62F00FAF7D8 /* Views */ = {
			isa = PBXGroup;
			children = (
				7CF26BD7264EA66E00FAF7D8 /* ProfileCell.swift */,
				7CF26BD3264EA63D00FAF7D8 /* CreditCell.swift */,
				7CF26BD5264EA65A00FAF7D8 /* ProfileLogoutCell.swift */,
				7CF26BD9264EA6BB00FAF7D8 /* GaugeCell.swift */,
			);
			path = Views;
			sourceTree = "<group>";
		};
		7CF26BDB264EB74F00FAF7D8 /* TabBarController */ = {
			isa = PBXGroup;
			children = (
				7CF26BDC264EB75B00FAF7D8 /* TabBarController.swift */,
			);
			path = TabBarController;
			sourceTree = "<group>";
		};
		7CF26BDE264EBB3B00FAF7D8 /* Requests */ = {
			isa = PBXGroup;
			children = (
				7CF26BE1264EBC0F00FAF7D8 /* Views */,
				7CF26BDF264EBB5100FAF7D8 /* RequestController.swift */,
			);
			path = Requests;
			sourceTree = "<group>";
		};
		7CF26BE1264EBC0F00FAF7D8 /* Views */ = {
			isa = PBXGroup;
			children = (
				7CF26BE2264EBC2300FAF7D8 /* RequestCell.swift */,
			);
			path = Views;
			sourceTree = "<group>";
		};
		7CF26BE4264EC36A00FAF7D8 /* Extensions */ = {
			isa = PBXGroup;
			children = (
				7CF26BE6264EC38200FAF7D8 /* UIView.swift */,
			);
			path = Extensions;
			sourceTree = "<group>";
		};
/* End PBXGroup section */

/* Begin PBXNativeTarget section */
		7CC6FC5B262E088F00B145AF /* vtb */ = {
			isa = PBXNativeTarget;
			buildConfigurationList = 7CC6FC70262E089100B145AF /* Build configuration list for PBXNativeTarget "vtb" */;
			buildPhases = (
				A2D74809EE6C745738BEAEDF /* [CP] Check Pods Manifest.lock */,
				7CC6FC58262E088F00B145AF /* Sources */,
				7CC6FC59262E088F00B145AF /* Frameworks */,
				7CC6FC5A262E088F00B145AF /* Resources */,
				947BF7EFF40A377497197A14 /* [CP] Embed Pods Frameworks */,
			);
			buildRules = (
			);
			dependencies = (
			);
			name = vtb;
			productName = vtb;
			productReference = 7CC6FC5C262E088F00B145AF /* vtb.app */;
			productType = "com.apple.product-type.application";
		};
/* End PBXNativeTarget section */

/* Begin PBXProject section */
		7CC6FC54262E088F00B145AF /* Project object */ = {
			isa = PBXProject;
			attributes = {
				LastSwiftUpdateCheck = 1240;
				LastUpgradeCheck = 1240;
				TargetAttributes = {
					7CC6FC5B262E088F00B145AF = {
						CreatedOnToolsVersion = 12.4;
					};
				};
			};
			buildConfigurationList = 7CC6FC57262E088F00B145AF /* Build configuration list for PBXProject "vtb" */;
			compatibilityVersion = "Xcode 9.3";
			developmentRegion = en;
			hasScannedForEncodings = 0;
			knownRegions = (
				en,
				Base,
			);
			mainGroup = 7CC6FC53262E088F00B145AF;
			productRefGroup = 7CC6FC5D262E088F00B145AF /* Products */;
			projectDirPath = "";
			projectRoot = "";
			targets = (
				7CC6FC5B262E088F00B145AF /* vtb */,
			);
		};
/* End PBXProject section */

/* Begin PBXResourcesBuildPhase section */
		7CC6FC5A262E088F00B145AF /* Resources */ = {
			isa = PBXResourcesBuildPhase;
			buildActionMask = 2147483647;
			files = (
				7CC6FC6C262E089100B145AF /* LaunchScreen.storyboard in Resources */,
				7CC6FC69262E089100B145AF /* Assets.xcassets in Resources */,
				7C410652264022F700CC238B /* GoogleService-Info.plist in Resources */,
			);
			runOnlyForDeploymentPostprocessing = 0;
		};
/* End PBXResourcesBuildPhase section */

/* Begin PBXShellScriptBuildPhase section */
		947BF7EFF40A377497197A14 /* [CP] Embed Pods Frameworks */ = {
			isa = PBXShellScriptBuildPhase;
			buildActionMask = 2147483647;
			files = (
			);
			inputFileListPaths = (
				"${PODS_ROOT}/Target Support Files/Pods-vtb/Pods-vtb-frameworks-${CONFIGURATION}-input-files.xcfilelist",
			);
			name = "[CP] Embed Pods Frameworks";
			outputFileListPaths = (
				"${PODS_ROOT}/Target Support Files/Pods-vtb/Pods-vtb-frameworks-${CONFIGURATION}-output-files.xcfilelist",
			);
			runOnlyForDeploymentPostprocessing = 0;
			shellPath = /bin/sh;
			shellScript = "\"${PODS_ROOT}/Target Support Files/Pods-vtb/Pods-vtb-frameworks.sh\"\n";
			showEnvVarsInLog = 0;
		};
		A2D74809EE6C745738BEAEDF /* [CP] Check Pods Manifest.lock */ = {
			isa = PBXShellScriptBuildPhase;
			buildActionMask = 2147483647;
			files = (
			);
			inputFileListPaths = (
			);
			inputPaths = (
				"${PODS_PODFILE_DIR_PATH}/Podfile.lock",
				"${PODS_ROOT}/Manifest.lock",
			);
			name = "[CP] Check Pods Manifest.lock";
			outputFileListPaths = (
			);
			outputPaths = (
				"$(DERIVED_FILE_DIR)/Pods-vtb-checkManifestLockResult.txt",
			);
			runOnlyForDeploymentPostprocessing = 0;
			shellPath = /bin/sh;
			shellScript = "diff \"${PODS_PODFILE_DIR_PATH}/Podfile.lock\" \"${PODS_ROOT}/Manifest.lock\" > /dev/null\nif [ $? != 0 ] ; then\n    # print error to STDERR\n    echo \"error: The sandbox is not in sync with the Podfile.lock. Run 'pod install' or update your CocoaPods installation.\" >&2\n    exit 1\nfi\n# This output is used by Xcode 'outputs' to avoid re-running this script phase.\necho \"SUCCESS\" > \"${SCRIPT_OUTPUT_FILE_0}\"\n";
			showEnvVarsInLog = 0;
		};
/* End PBXShellScriptBuildPhase section */

/* Begin PBXSourcesBuildPhase section */
		7CC6FC58262E088F00B145AF /* Sources */ = {
			isa = PBXSourcesBuildPhase;
			buildActionMask = 2147483647;
			files = (
				7CEFC66B26309DE9009EDBD7 /* HistoryController.swift in Sources */,
				7CF26BE3264EBC2300FAF7D8 /* RequestCell.swift in Sources */,
				7CF26BDA264EA6BB00FAF7D8 /* GaugeCell.swift in Sources */,
				7CC6FC60262E088F00B145AF /* AppDelegate.swift in Sources */,
				7CF26BE0264EBB5100FAF7D8 /* RequestController.swift in Sources */,
				7CEFC64D2630994C009EDBD7 /* Request.swift in Sources */,
				7CC6FC8D262E09E900B145AF /* LoginControllerViewController.swift in Sources */,
				7C74ABB7264BED8400666469 /* CreditIndexController.swift in Sources */,
				7C4835712650085B00A3B409 /* InsuredEventsController.swift in Sources */,
				7CF26BD6264EA65A00FAF7D8 /* ProfileLogoutCell.swift in Sources */,
				7C74ABBA264BFBF300666469 /* HistoryCell.swift in Sources */,
				7CF26BE7264EC38200FAF7D8 /* UIView.swift in Sources */,
				7CF26BD4264EA63D00FAF7D8 /* CreditCell.swift in Sources */,
				7CF26BDD264EB75B00FAF7D8 /* TabBarController.swift in Sources */,
				7C91063D2632FA48002AD52B /* ProfileController.swift in Sources */,
				7CF26BD8264EA66E00FAF7D8 /* ProfileCell.swift in Sources */,
			);
			runOnlyForDeploymentPostprocessing = 0;
		};
/* End PBXSourcesBuildPhase section */

/* Begin PBXVariantGroup section */
		7CC6FC6A262E089100B145AF /* LaunchScreen.storyboard */ = {
			isa = PBXVariantGroup;
			children = (
				7CC6FC6B262E089100B145AF /* Base */,
			);
			name = LaunchScreen.storyboard;
			sourceTree = "<group>";
		};
/* End PBXVariantGroup section */

/* Begin XCBuildConfiguration section */
		7CC6FC6E262E089100B145AF /* Debug */ = {
			isa = XCBuildConfiguration;
			buildSettings = {
				ALWAYS_SEARCH_USER_PATHS = NO;
				CLANG_ANALYZER_NONNULL = YES;
				CLANG_ANALYZER_NUMBER_OBJECT_CONVERSION = YES_AGGRESSIVE;
				CLANG_CXX_LANGUAGE_STANDARD = "gnu++14";
				CLANG_CXX_LIBRARY = "libc++";
				CLANG_ENABLE_MODULES = YES;
				CLANG_ENABLE_OBJC_ARC = YES;
				CLANG_ENABLE_OBJC_WEAK = YES;
				CLANG_WARN_BLOCK_CAPTURE_AUTORELEASING = YES;
				CLANG_WARN_BOOL_CONVERSION = YES;
				CLANG_WARN_COMMA = YES;
				CLANG_WARN_CONSTANT_CONVERSION = YES;
				CLANG_WARN_DEPRECATED_OBJC_IMPLEMENTATIONS = YES;
				CLANG_WARN_DIRECT_OBJC_ISA_USAGE = YES_ERROR;
				CLANG_WARN_DOCUMENTATION_COMMENTS = YES;
				CLANG_WARN_EMPTY_BODY = YES;
				CLANG_WARN_ENUM_CONVERSION = YES;
				CLANG_WARN_INFINITE_RECURSION = YES;
				CLANG_WARN_INT_CONVERSION = YES;
				CLANG_WARN_NON_LITERAL_NULL_CONVERSION = YES;
				CLANG_WARN_OBJC_IMPLICIT_RETAIN_SELF = YES;
				CLANG_WARN_OBJC_LITERAL_CONVERSION = YES;
				CLANG_WARN_OBJC_ROOT_CLASS = YES_ERROR;
				CLANG_WARN_QUOTED_INCLUDE_IN_FRAMEWORK_HEADER = YES;
				CLANG_WARN_RANGE_LOOP_ANALYSIS = YES;
				CLANG_WARN_STRICT_PROTOTYPES = YES;
				CLANG_WARN_SUSPICIOUS_MOVE = YES;
				CLANG_WARN_UNGUARDED_AVAILABILITY = YES_AGGRESSIVE;
				CLANG_WARN_UNREACHABLE_CODE = YES;
				CLANG_WARN__DUPLICATE_METHOD_MATCH = YES;
				COPY_PHASE_STRIP = NO;
				DEBUG_INFORMATION_FORMAT = dwarf;
				ENABLE_STRICT_OBJC_MSGSEND = YES;
				ENABLE_TESTABILITY = YES;
				GCC_C_LANGUAGE_STANDARD = gnu11;
				GCC_DYNAMIC_NO_PIC = NO;
				GCC_NO_COMMON_BLOCKS = YES;
				GCC_OPTIMIZATION_LEVEL = 0;
				GCC_PREPROCESSOR_DEFINITIONS = (
					"DEBUG=1",
					"$(inherited)",
				);
				GCC_WARN_64_TO_32_BIT_CONVERSION = YES;
				GCC_WARN_ABOUT_RETURN_TYPE = YES_ERROR;
				GCC_WARN_UNDECLARED_SELECTOR = YES;
				GCC_WARN_UNINITIALIZED_AUTOS = YES_AGGRESSIVE;
				GCC_WARN_UNUSED_FUNCTION = YES;
				GCC_WARN_UNUSED_VARIABLE = YES;
				IPHONEOS_DEPLOYMENT_TARGET = 12.0;
				MTL_ENABLE_DEBUG_INFO = INCLUDE_SOURCE;
				MTL_FAST_MATH = YES;
				ONLY_ACTIVE_ARCH = YES;
				SDKROOT = iphoneos;
				SWIFT_ACTIVE_COMPILATION_CONDITIONS = DEBUG;
				SWIFT_OPTIMIZATION_LEVEL = "-Onone";
			};
			name = Debug;
		};
		7CC6FC6F262E089100B145AF /* Release */ = {
			isa = XCBuildConfiguration;
			buildSettings = {
				ALWAYS_SEARCH_USER_PATHS = NO;
				CLANG_ANALYZER_NONNULL = YES;
				CLANG_ANALYZER_NUMBER_OBJECT_CONVERSION = YES_AGGRESSIVE;
				CLANG_CXX_LANGUAGE_STANDARD = "gnu++14";
				CLANG_CXX_LIBRARY = "libc++";
				CLANG_ENABLE_MODULES = YES;
				CLANG_ENABLE_OBJC_ARC = YES;
				CLANG_ENABLE_OBJC_WEAK = YES;
				CLANG_WARN_BLOCK_CAPTURE_AUTORELEASING = YES;
				CLANG_WARN_BOOL_CONVERSION = YES;
				CLANG_WARN_COMMA = YES;
				CLANG_WARN_CONSTANT_CONVERSION = YES;
				CLANG_WARN_DEPRECATED_OBJC_IMPLEMENTATIONS = YES;
				CLANG_WARN_DIRECT_OBJC_ISA_USAGE = YES_ERROR;
				CLANG_WARN_DOCUMENTATION_COMMENTS = YES;
				CLANG_WARN_EMPTY_BODY = YES;
				CLANG_WARN_ENUM_CONVERSION = YES;
				CLANG_WARN_INFINITE_RECURSION = YES;
				CLANG_WARN_INT_CONVERSION = YES;
				CLANG_WARN_NON_LITERAL_NULL_CONVERSION = YES;
				CLANG_WARN_OBJC_IMPLICIT_RETAIN_SELF = YES;
				CLANG_WARN_OBJC_LITERAL_CONVERSION = YES;
				CLANG_WARN_OBJC_ROOT_CLASS = YES_ERROR;
				CLANG_WARN_QUOTED_INCLUDE_IN_FRAMEWORK_HEADER = YES;
				CLANG_WARN_RANGE_LOOP_ANALYSIS = YES;
				CLANG_WARN_STRICT_PROTOTYPES = YES;
				CLANG_WARN_SUSPICIOUS_MOVE = YES;
				CLANG_WARN_UNGUARDED_AVAILABILITY = YES_AGGRESSIVE;
				CLANG_WARN_UNREACHABLE_CODE = YES;
				CLANG_WARN__DUPLICATE_METHOD_MATCH = YES;
				COPY_PHASE_STRIP = NO;
				DEBUG_INFORMATION_FORMAT = "dwarf-with-dsym";
				ENABLE_NS_ASSERTIONS = NO;
				ENABLE_STRICT_OBJC_MSGSEND = YES;
				GCC_C_LANGUAGE_STANDARD = gnu11;
				GCC_NO_COMMON_BLOCKS = YES;
				GCC_WARN_64_TO_32_BIT_CONVERSION = YES;
				GCC_WARN_ABOUT_RETURN_TYPE = YES_ERROR;
				GCC_WARN_UNDECLARED_SELECTOR = YES;
				GCC_WARN_UNINITIALIZED_AUTOS = YES_AGGRESSIVE;
				GCC_WARN_UNUSED_FUNCTION = YES;
				GCC_WARN_UNUSED_VARIABLE = YES;
				IPHONEOS_DEPLOYMENT_TARGET = 12.0;
				MTL_ENABLE_DEBUG_INFO = NO;
				MTL_FAST_MATH = YES;
				SDKROOT = iphoneos;
				SWIFT_COMPILATION_MODE = wholemodule;
				SWIFT_OPTIMIZATION_LEVEL = "-O";
				VALIDATE_PRODUCT = YES;
			};
			name = Release;
		};
		7CC6FC71262E089100B145AF /* Debug */ = {
			isa = XCBuildConfiguration;
			baseConfigurationReference = 169D966B232DB8A56447A4A6 /* Pods-vtb.debug.xcconfig */;
			buildSettings = {
				ASSETCATALOG_COMPILER_APPICON_NAME = AppIcon;
				ASSETCATALOG_COMPILER_GLOBAL_ACCENT_COLOR_NAME = AccentColor;
				CODE_SIGN_ENTITLEMENTS = vtb/vtb.entitlements;
				CODE_SIGN_STYLE = Automatic;
				DEVELOPMENT_TEAM = LHZDXNV5B7;
				INFOPLIST_FILE = vtb/Info.plist;
				LD_RUNPATH_SEARCH_PATHS = (
					"$(inherited)",
					"@executable_path/Frameworks",
				);
				PRODUCT_BUNDLE_IDENTIFIER = rugarusik.vtb.defender;
				PRODUCT_NAME = "$(TARGET_NAME)";
				SWIFT_VERSION = 5.0;
				TARGETED_DEVICE_FAMILY = "1,2";
			};
			name = Debug;
		};
		7CC6FC72262E089100B145AF /* Release */ = {
			isa = XCBuildConfiguration;
			baseConfigurationReference = D9EC3F8B0A6D77F20CA6D05E /* Pods-vtb.release.xcconfig */;
			buildSettings = {
				ASSETCATALOG_COMPILER_APPICON_NAME = AppIcon;
				ASSETCATALOG_COMPILER_GLOBAL_ACCENT_COLOR_NAME = AccentColor;
				CODE_SIGN_ENTITLEMENTS = vtb/vtb.entitlements;
				CODE_SIGN_STYLE = Automatic;
				DEVELOPMENT_TEAM = LHZDXNV5B7;
				INFOPLIST_FILE = vtb/Info.plist;
				LD_RUNPATH_SEARCH_PATHS = (
					"$(inherited)",
					"@executable_path/Frameworks",
				);
				PRODUCT_BUNDLE_IDENTIFIER = rugarusik.vtb.defender;
				PRODUCT_NAME = "$(TARGET_NAME)";
				SWIFT_VERSION = 5.0;
				TARGETED_DEVICE_FAMILY = "1,2";
			};
			name = Release;
		};
/* End XCBuildConfiguration section */

/* Begin XCConfigurationList section */
		7CC6FC57262E088F00B145AF /* Build configuration list for PBXProject "vtb" */ = {
			isa = XCConfigurationList;
			buildConfigurations = (
				7CC6FC6E262E089100B145AF /* Debug */,
				7CC6FC6F262E089100B145AF /* Release */,
			);
			defaultConfigurationIsVisible = 0;
			defaultConfigurationName = Release;
		};
		7CC6FC70262E089100B145AF /* Build configuration list for PBXNativeTarget "vtb" */ = {
			isa = XCConfigurationList;
			buildConfigurations = (
				7CC6FC71262E089100B145AF /* Debug */,
				7CC6FC72262E089100B145AF /* Release */,
			);
			defaultConfigurationIsVisible = 0;
			defaultConfigurationName = Release;
		};
/* End XCConfigurationList section */
	};
	rootObject = 7CC6FC54262E088F00B145AF /* Project object */;
}
